
Microsoft Visual Studio Solution File, Format Version 12.00
# Visual Studio Version 17
VisualStudioVersion = 17.0.31903.59
MinimumVisualStudioVersion = 10.0.40219.1
Project("{2150E333-8FDC-42A3-9474-1A3956D46DE8}") = "src", "src", "{8090AA71-7935-4DDD-8ABE-2A585993E17F}"
EndProject
Project("{9A19103F-16F7-4668-BE54-9A1E7A4F7556}") = "RiskCenterStoreApi", "src\Api\RiskCenterStoreApi.csproj", "{1673D996-FC01-4C09-9C21-2DC16F928E65}"
EndProject
Project("{9A19103F-16F7-4668-BE54-9A1E7A4F7556}") = "RiskCenterStore.WebUI", "src\WebUI\RiskCenterStore.WebUI.csproj", "{3563CFCE-9B65-477F-AFD4-988CC4A9BAC8}"
EndProject
Global
	GlobalSection(SolutionConfigurationPlatforms) = preSolution
		Debug|Any CPU = Debug|Any CPU
		Release|Any CPU = Release|Any CPU
	EndGlobalSection
	GlobalSection(ProjectConfigurationPlatforms) = postSolution
		{1673D996-FC01-4C09-9C21-2DC16F928E65}.Debug|Any CPU.ActiveCfg = Debug|Any CPU
		{1673D996-FC01-4C09-9C21-2DC16F928E65}.Debug|Any CPU.Build.0 = Debug|Any CPU
		{1673D996-FC01-4C09-9C21-2DC16F928E65}.Release|Any CPU.ActiveCfg = Release|Any CPU
		{1673D996-FC01-4C09-9C21-2DC16F928E65}.Release|Any CPU.Build.0 = Release|Any CPU
		{3563CFCE-9B65-477F-AFD4-988CC4A9BAC8}.Debug|Any CPU.ActiveCfg = Debug|Any CPU
		{3563CFCE-9B65-477F-AFD4-988CC4A9BAC8}.Debug|Any CPU.Build.0 = Debug|Any CPU
		{3563CFCE-9B65-477F-AFD4-988CC4A9BAC8}.Release|Any CPU.ActiveCfg = Release|Any CPU
		{3563CFCE-9B65-477F-AFD4-988CC4A9BAC8}.Release|Any CPU.Build.0 = Release|Any CPU
	EndGlobalSection
	GlobalSection(SolutionProperties) = preSolution
		HideSolutionNode = FALSE
	EndGlobalSection
	GlobalSection(NestedProjects) = preSolution
		{1673D996-FC01-4C09-9C21-2DC16F928E65} = {8090AA71-7935-4DDD-8ABE-2A585993E17F}
		{3563CFCE-9B65-477F-AFD4-988CC4A9BAC8} = {8090AA71-7935-4DDD-8ABE-2A585993E17F}
	EndGlobalSection
	GlobalSection(ExtensibilityGlobals) = postSolution
		SolutionGuid = {A3D34015-5A5C-4872-89B1-2BB93143078E}
	EndGlobalSection
EndGlobal
